
Microsoft Visual Studio Solution File, Format Version 12.00
# Visual Studio Version 17
VisualStudioVersion = 17.5.33414.496
MinimumVisualStudioVersion = 10.0.40219.1
Project("{FAE04EC0-301F-11D3-BF4B-00C04F79EFBC}") = "Idea1", "Idea1\Idea1.csproj", "{82B71FE6-A066-4E08-93AB-67690F070828}"
EndProject
Global
	GlobalSection(SolutionConfigurationPlatforms) = preSolution
		Debug|Any CPU = Debug|Any CPU
		Release|Any CPU = Release|Any CPU
	EndGlobalSection
	GlobalSection(ProjectConfigurationPlatforms) = postSolution
		{82B71FE6-A066-4E08-93AB-67690F070828}.Debug|Any CPU.ActiveCfg = Debug|Any CPU
		{82B71FE6-A066-4E08-93AB-67690F070828}.Debug|Any CPU.Build.0 = Debug|Any CPU
		{82B71FE6-A066-4E08-93AB-67690F070828}.Release|Any CPU.ActiveCfg = Release|Any CPU
		{82B71FE6-A066-4E08-93AB-67690F070828}.Release|Any CPU.Build.0 = Release|Any CPU
	EndGlobalSection
	GlobalSection(SolutionProperties) = preSolution
		HideSolutionNode = FALSE
	EndGlobalSection
	GlobalSection(ExtensibilityGlobals) = postSolution
		SolutionGuid = {23D02946-1137-4D95-9F07-3F2FFD159DA4}
	EndGlobalSection
EndGlobal
